# This file is autogenerated, do not edit; changes may be undone by the next 'dep ensure'.


[[projects]]
  digest = "1:f28b5363f59b4c568f37ebaecf1d739d0dc5818f57b07f9bda776367ffe046fb"
  name = "cloud.google.com/go"
  packages = [
    "compute/metadata",
    "iam",
    "internal",
    "internal/optional",
    "internal/trace",
    "internal/version",
    "storage",
  ]
  pruneopts = "UT"
  revision = "28a4bc8c44b3acbcc482cff0cdf7de29a4688b61"
  version = "v0.35.1"

[[projects]]
  digest = "1:3e45fc1f6b76adc264f69fe82c351e0cbf876bc54e92d5dc0e357910115cb1cf"
  name = "github.com/aws/aws-sdk-go"
  packages = [
    "aws",
    "aws/awserr",
    "aws/awsutil",
    "aws/client",
    "aws/client/metadata",
    "aws/corehandlers",
    "aws/credentials",
    "aws/credentials/ec2rolecreds",
    "aws/credentials/endpointcreds",
    "aws/credentials/stscreds",
    "aws/defaults",
    "aws/ec2metadata",
    "aws/endpoints",
    "aws/request",
    "aws/session",
    "aws/signer/v4",
    "private/protocol",
    "private/protocol/json/jsonutil",
    "private/protocol/jsonrpc",
    "private/protocol/query",
    "private/protocol/query/queryutil",
    "private/protocol/rest",
    "private/protocol/restxml",
    "private/protocol/xml/xmlutil",
    "service/acm",
    "service/cloudfront",
    "service/iam",
    "service/route53",
    "service/s3",
    "service/sts",
  ]
  pruneopts = "UT"
  revision = "e8dd0cf538447be8f8d88f2daabcf3210b9d3b68"

[[projects]]
  digest = "1:71a39952117588ef75d2b02f09d2665574fccf5993dfbce074594b4c302803c5"
  name = "github.com/cenk/backoff"
  packages = ["."]
  pruneopts = "UT"
  revision = "5d150e7eec023ce7a124856b37c68e54b4050ac7"

[[projects]]
  digest = "1:0d0c775af474b37eed1e3b35a7df129fee07efb119975984c5d2e719ccb52911"
  name = "github.com/cloudflare/cloudflare-go"
  packages = ["."]
  pruneopts = "UT"
  revision = "ea9272e4235ff7a9aa37e2c7c7a8debe22b3d696"

[[projects]]
  digest = "1:f779e6a6b3a143d9fd6cbc8e1c3ddfbe42df2cbab0ecabe66669a609a56460b8"
  name = "github.com/go-ini/ini"
  packages = ["."]
  pruneopts = "UT"
  revision = "e7fea39b01aea8d5671f6858f0532f56e8bff3a5"
  version = "v1.27.0"

[[projects]]
  digest = "1:b202d3466c3a5eb59cd923ed42d845bdaf0a8e5a98b15d2370f04b9b6708c34c"
  name = "github.com/golang/protobuf"
  packages = [
    "proto",
    "protoc-gen-go/descriptor",
    "ptypes/any",
  ]
  pruneopts = "UT"
  revision = "2bba0603135d7d7f5cb73b2125beeda19c09f4ef"

[[projects]]
  digest = "1:856bd1e35f6da8ce5671a5df09d0e89bf01e9b74b3dabb6d097d39b3813801e1"
  name = "github.com/googleapis/gax-go"
  packages = ["v2"]
  pruneopts = "UT"
  revision = "c8a15bac9b9fe955bd9f900272f9a306465d28cf"
  version = "v2.0.3"

[[projects]]
  digest = "1:f56a17eb79c130bf9f2133a9706a1791b76be24028c0935949aecf5944cf6993"
  name = "github.com/imdario/mergo"
  packages = ["."]
  pruneopts = "UT"
  revision = "d806ba8c21777d504a2090a2ca4913c750dd3a33"

[[projects]]
  digest = "1:777a19f55da89883fe86477b3ffcaaebece9a20efa6e9d161c08beb4b3bd83be"
  name = "github.com/jmespath/go-jmespath"
  packages = ["."]
  pruneopts = "UT"
  revision = "bd40a432e4c76585ef6b72d3fd96fb9b6dc7b68d"

[[projects]]
  digest = "1:12ae6210bdbdad658a9a67fd95cd9c99f7fdbf12f6d36eaf0af704e69dacf4f5"
  name = "github.com/mitchellh/go-homedir"
  packages = ["."]
  pruneopts = "UT"
  revision = "b8bc1bf767474819792c23f32d8286a45736f1c6"

[[projects]]
  digest = "1:8e30dbe48cdc868059aa213a40ce556fb571bbe32de48d4bf64fdde9e32cc245"
  name = "github.com/pkg/errors"
  packages = ["."]
  pruneopts = "UT"
  revision = "ff09b135c25aae272398c51a07235b90a75aa4f0"

[[projects]]
  digest = "1:b04a364043931c9e19302a3d45fa20eeb63aa32a9ed05aea173d6f29da27dfb1"
  name = "github.com/urfave/cli"
  packages = ["."]
  pruneopts = "UT"
  revision = "9e5b04886c4bfee2ceba1465b8121057355c4e53"

[[projects]]
  branch = "master"
  digest = "1:d594bb9f2a18ba4da7ab1368f4debf59f6b77cc7046705553f966837c12059f1"
  name = "github.com/wsxiaoys/terminal"
  packages = ["color"]
  pruneopts = "UT"
  revision = "0940f3fc43a0ed42d04916b1c04578462c650b09"

[[projects]]
  branch = "master"
  digest = "1:739fbf04cabd458ca5911684cb39f1741f88524b126cc6c51b7b75e665234179"
  name = "github.com/zackbloom/go-ini"
  packages = ["."]
  pruneopts = "UT"
  revision = "3db81f263990ac57212cfdc3ce9a65e8af8af966"

[[projects]]
  digest = "1:785adacba41666eb1de74447b5538476b9a9da178bd7d15ba3aeb2879ed07ed3"
  name = "go.opencensus.io"
  packages = [
    ".",
    "exemplar",
    "internal",
    "internal/tagencoding",
    "plugin/ochttp",
    "plugin/ochttp/propagation/b3",
    "stats",
    "stats/internal",
    "stats/view",
    "tag",
    "trace",
    "trace/internal",
    "trace/propagation",
    "trace/tracestate",
  ]
  pruneopts = "UT"
  revision = "2b5032d79456124f42db6b7eb19ac6c155449dc2"
  version = "v0.19.0"

[[projects]]
  digest = "1:b0ac587e5332c362410b76c32dd7062602884cbcd3fba5c139c375373aaf3fe0"
  name = "golang.org/x/net"
  packages = [
    "context",
    "context/ctxhttp",
    "html",
    "html/atom",
    "http2",
    "http2/hpack",
    "idna",
    "internal/timeseries",
    "lex/httplex",
    "publicsuffix",
    "trace",
  ]
  pruneopts = "UT"
  revision = "5602c733f70afc6dcec6766be0d5034d4c4f14de"

[[projects]]
  branch = "master"
  digest = "1:1540fd815845f20e31cb95c3b6f7f0f0c8880c3d053845ba4a4a609539446bf6"
  name = "golang.org/x/oauth2"
  packages = [
    ".",
    "google",
    "internal",
    "jws",
    "jwt",
  ]
  pruneopts = "UT"
  revision = "3e8b2be1363542a95c52ea0796d4a40dacfb5b95"

[[projects]]
  digest = "1:6d69b21922e0e1ba432d76889151d15077af997bbf500855bc6f3f6b5d2996d7"
  name = "golang.org/x/text"
  packages = [
    "internal/gen",
    "internal/triegen",
    "internal/ucd",
    "secure/bidirule",
    "transform",
    "unicode/bidi",
    "unicode/cldr",
    "unicode/norm",
    "unicode/rangetable",
  ]
  pruneopts = "UT"
  revision = "f4b4367115ec2de254587813edaa901bc1c723a8"

[[projects]]
  digest = "1:768c35ec83dd17029060ea581d6ca9fdcaef473ec87e93e4bb750949035f6070"
  name = "google.golang.org/api"
  packages = [
    "gensupport",
    "googleapi",
    "googleapi/internal/uritemplates",
    "googleapi/transport",
    "internal",
    "iterator",
    "option",
    "storage/v1",
    "transport/http",
    "transport/http/internal/propagation",
  ]
  pruneopts = "UT"
  revision = "19e022d8cf43ce81f046bae8cc18c5397cc7732f"
  version = "v0.1.0"

[[projects]]
  digest = "1:fa026a5c59bd2df343ec4a3538e6288dcf4e2ec5281d743ae82c120affe6926a"
  name = "google.golang.org/appengine"
  packages = [
    ".",
    "internal",
    "internal/app_identity",
    "internal/base",
    "internal/datastore",
    "internal/log",
    "internal/modules",
    "internal/remote_api",
    "internal/urlfetch",
    "urlfetch",
  ]
  pruneopts = "UT"
  revision = "e9657d882bb81064595ca3b56cbe2546bbabf7b1"
  version = "v1.4.0"

[[projects]]
  digest = "1:81dc49da1e86b61ae07df6bfeb15b0c4dc0568170bbeabed14aeb8af1815b1f0"
  name = "google.golang.org/genproto"
  packages = [
    "googleapis/api/annotations",
    "googleapis/iam/v1",
    "googleapis/rpc/code",
    "googleapis/rpc/status",
  ]
  pruneopts = "UT"
  revision = "411e09b969b1170a9f0c467558eb4c4c110d9c77"

[[projects]]
  digest = "1:5d4a65dfe7c9fa10338118d06216950665f25a33db0e1850b4d9e3be2a136baa"
  name = "google.golang.org/grpc"
  packages = [
    ".",
    "codes",
    "credentials",
    "grpclog",
    "internal",
    "keepalive",
    "metadata",
    "naming",
    "peer",
    "stats",
    "status",
    "tap",
    "transport",
  ]
  pruneopts = "UT"
  revision = "6914ab1e338c92da4218a23d27fcd03d0ad78d46"

[[projects]]
  branch = "v1"
  digest = "1:4384086c0f7f9e662c2ae8e900af35dc75ff262205b362597bb65af2fd8a21c9"
  name = "gopkg.in/yaml.v1"
  packages = ["."]
  pruneopts = "UT"
  revision = "9f9df34309c04878acc86042b16630b0f696e1de"

[solve-meta]
  analyzer-name = "dep"
  analyzer-version = 1
  input-imports = [
    "cloud.google.com/go/storage",
    "github.com/aws/aws-sdk-go/aws",
    "github.com/aws/aws-sdk-go/aws/credentials",
    "github.com/aws/aws-sdk-go/aws/session",
    "github.com/aws/aws-sdk-go/service/acm",
    "github.com/aws/aws-sdk-go/service/cloudfront",
    "github.com/aws/aws-sdk-go/service/iam",
    "github.com/aws/aws-sdk-go/service/route53",
    "github.com/aws/aws-sdk-go/service/s3",
    "github.com/cenk/backoff",
    "github.com/cloudflare/cloudflare-go",
    "github.com/imdario/mergo",
    "github.com/mitchellh/go-homedir",
    "github.com/urfave/cli",
    "github.com/wsxiaoys/terminal/color",
    "github.com/zackbloom/go-ini",
    "golang.org/x/net/html",
    "golang.org/x/net/publicsuffix",
    "google.golang.org/api/iterator",
    "google.golang.org/api/option",
    "gopkg.in/yaml.v1",
  ]
  solver-name = "gps-cdcl"
  solver-version = 1
